Microsoft Visual Studio Solution File, Format Version 12.00
# Visual Studio Version 17
VisualStudioVersion = 17.5.2.0
MinimumVisualStudioVersion = 10.0.40219.1
Project("{FAE04EC0-301F-11D3-BF4B-00C04F79EFBC}") = "IncomeExpenseApp", "IncomeExpenseApp\IncomeExpenseApp.csproj", "{E4C73EF2-3304-B3F8-30E7-1472396AC76A}"
EndProject
Project("{FAE04EC0-301F-11D3-BF4B-00C04F79EFBC}") = "IncomeExpenseApp.Tests", "IncomeExpenseApp.Tests\IncomeExpenseApp.Tests.csproj", "{AB8DE952-BCA1-3A61-18D9-1CACA4F2E398}"
EndProject
Global
	GlobalSection(SolutionConfigurationPlatforms) = preSolution
		Debug|Any CPU = Debug|Any CPU
		Release|Any CPU = Release|Any CPU
	EndGlobalSection
	GlobalSection(ProjectConfigurationPlatforms) = postSolution
		{E4C73EF2-3304-B3F8-30E7-1472396AC76A}.Debug|Any CPU.ActiveCfg = Debug|Any CPU
		{E4C73EF2-3304-B3F8-30E7-1472396AC76A}.Debug|Any CPU.Build.0 = Debug|Any CPU
		{E4C73EF2-3304-B3F8-30E7-1472396AC76A}.Release|Any CPU.ActiveCfg = Release|Any CPU
		{E4C73EF2-3304-B3F8-30E7-1472396AC76A}.Release|Any CPU.Build.0 = Release|Any CPU
		{AB8DE952-BCA1-3A61-18D9-1CACA4F2E398}.Debug|Any CPU.ActiveCfg = Debug|Any CPU
		{AB8DE952-BCA1-3A61-18D9-1CACA4F2E398}.Debug|Any CPU.Build.0 = Debug|Any CPU
		{AB8DE952-BCA1-3A61-18D9-1CACA4F2E398}.Release|Any CPU.ActiveCfg = Release|Any CPU
		{AB8DE952-BCA1-3A61-18D9-1CACA4F2E398}.Release|Any CPU.Build.0 = Release|Any CPU
	EndGlobalSection
	GlobalSection(SolutionProperties) = preSolution
		HideSolutionNode = FALSE
	EndGlobalSection
	GlobalSection(ExtensibilityGlobals) = postSolution
		SolutionGuid = {24B86AE8-CDDB-4202-A9BE-73E568D78656}
	EndGlobalSection
EndGlobal
